
Microsoft Visual Studio Solution File, Format Version 12.00
# Visual Studio 14
VisualStudioVersion = 14.0.25420.1
MinimumVisualStudioVersion = 10.0.40219.1
Project("{FAE04EC0-301F-11D3-BF4B-00C04F79EFBC}") = "Blaze.Android", "Blaze\Blaze.Android\Blaze.Android.csproj", "{127DDC7C-5406-4A82-B0AE-C8E2863CD93F}"
EndProject
Project("{FAE04EC0-301F-11D3-BF4B-00C04F79EFBC}") = "Blaze", "Blaze\Blaze\Blaze.csproj", "{55704179-3D00-4F19-B41E-BE262824B35C}"
EndProject
Project("{FAE04EC0-301F-11D3-BF4B-00C04F79EFBC}") = "Blaze.iOS", "Blaze\Blaze.iOS\Blaze.iOS.csproj", "{000F2631-2E68-4712-97F6-0C06B05841EE}"
EndProject
Global
	GlobalSection(SolutionConfigurationPlatforms) = preSolution
		Ad-Hoc|Any CPU = Ad-Hoc|Any CPU
		Ad-Hoc|iPhone = Ad-Hoc|iPhone
		Ad-Hoc|iPhoneSimulator = Ad-Hoc|iPhoneSimulator
		AppStore|Any CPU = AppStore|Any CPU
		AppStore|iPhone = AppStore|iPhone
		AppStore|iPhoneSimulator = AppStore|iPhoneSimulator
		Debug|Any CPU = Debug|Any CPU
		Debug|iPhone = Debug|iPhone
		Debug|iPhoneSimulator = Debug|iPhoneSimulator
		Release|Any CPU = Release|Any CPU
		Release|iPhone = Release|iPhone
		Release|iPhoneSimulator = Release|iPhoneSimulator
	EndGlobalSection
	GlobalSection(ProjectConfigurationPlatforms) = postSolution
		{127DDC7C-5406-4A82-B0AE-C8E2863CD93F}.Ad-Hoc|Any CPU.ActiveCfg = Release|Any CPU
		{127DDC7C-5406-4A82-B0AE-C8E2863CD93F}.Ad-Hoc|Any CPU.Build.0 = Release|Any CPU
		{127DDC7C-5406-4A82-B0AE-C8E2863CD93F}.Ad-Hoc|Any CPU.Deploy.0 = Release|Any CPU
		{127DDC7C-5406-4A82-B0AE-C8E2863CD93F}.Ad-Hoc|iPhone.ActiveCfg = Release|Any CPU
		{127DDC7C-5406-4A82-B0AE-C8E2863CD93F}.Ad-Hoc|iPhone.Build.0 = Release|Any CPU
		{127DDC7C-5406-4A82-B0AE-C8E2863CD93F}.Ad-Hoc|iPhone.Deploy.0 = Release|Any CPU
		{127DDC7C-5406-4A82-B0AE-C8E2863CD93F}.Ad-Hoc|iPhoneSimulator.ActiveCfg = Release|Any CPU
		{127DDC7C-5406-4A82-B0AE-C8E2863CD93F}.Ad-Hoc|iPhoneSimulator.Build.0 = Release|Any CPU
		{127DDC7C-5406-4A82-B0AE-C8E2863CD93F}.Ad-Hoc|iPhoneSimulator.Deploy.0 = Release|Any CPU
		{127DDC7C-5406-4A82-B0AE-C8E2863CD93F}.AppStore|Any CPU.ActiveCfg = Release|Any CPU
		{127DDC7C-5406-4A82-B0AE-C8E2863CD93F}.AppStore|Any CPU.Build.0 = Release|Any CPU
		{127DDC7C-5406-4A82-B0AE-C8E2863CD93F}.AppStore|Any CPU.Deploy.0 = Release|Any CPU
		{127DDC7C-5406-4A82-B0AE-C8E2863CD93F}.AppStore|iPhone.ActiveCfg = Release|Any CPU
		{127DDC7C-5406-4A82-B0AE-C8E2863CD93F}.AppStore|iPhone.Build.0 = Release|Any CPU
		{127DDC7C-5406-4A82-B0AE-C8E2863CD93F}.AppStore|iPhone.Deploy.0 = Release|Any CPU
		{127DDC7C-5406-4A82-B0AE-C8E2863CD93F}.AppStore|iPhoneSimulator.ActiveCfg = Release|Any CPU
		{127DDC7C-5406-4A82-B0AE-C8E2863CD93F}.AppStore|iPhoneSimulator.Build.0 = Release|Any CPU
		{127DDC7C-5406-4A82-B0AE-C8E2863CD93F}.AppStore|iPhoneSimulator.Deploy.0 = Release|Any CPU
		{127DDC7C-5406-4A82-B0AE-C8E2863CD93F}.Debug|Any CPU.ActiveCfg = Debug|Any CPU
		{127DDC7C-5406-4A82-B0AE-C8E2863CD93F}.Debug|Any CPU.Build.0 = Debug|Any CPU
		{127DDC7C-5406-4A82-B0AE-C8E2863CD93F}.Debug|Any CPU.Deploy.0 = Debug|Any CPU
		{127DDC7C-5406-4A82-B0AE-C8E2863CD93F}.Debug|iPhone.ActiveCfg = Debug|Any CPU
		{127DDC7C-5406-4A82-B0AE-C8E2863CD93F}.Debug|iPhone.Build.0 = Debug|Any CPU
		{127DDC7C-5406-4A82-B0AE-C8E2863CD93F}.Debug|iPhone.Deploy.0 = Debug|Any CPU
		{127DDC7C-5406-4A82-B0AE-C8E2863CD93F}.Debug|iPhoneSimulator.ActiveCfg = Debug|Any CPU
		{127DDC7C-5406-4A82-B0AE-C8E2863CD93F}.Debug|iPhoneSimulator.Build.0 = Debug|Any CPU
		{127DDC7C-5406-4A82-B0AE-C8E2863CD93F}.Debug|iPhoneSimulator.Deploy.0 = Debug|Any CPU
		{127DDC7C-5406-4A82-B0AE-C8E2863CD93F}.Release|Any CPU.ActiveCfg = Release|Any CPU
		{127DDC7C-5406-4A82-B0AE-C8E2863CD93F}.Release|Any CPU.Build.0 = Release|Any CPU
		{127DDC7C-5406-4A82-B0AE-C8E2863CD93F}.Release|Any CPU.Deploy.0 = Release|Any CPU
		{127DDC7C-5406-4A82-B0AE-C8E2863CD93F}.Release|iPhone.ActiveCfg = Release|Any CPU
		{127DDC7C-5406-4A82-B0AE-C8E2863CD93F}.Release|iPhone.Build.0 = Release|Any CPU
		{127DDC7C-5406-4A82-B0AE-C8E2863CD93F}.Release|iPhone.Deploy.0 = Release|Any CPU
		{127DDC7C-5406-4A82-B0AE-C8E2863CD93F}.Release|iPhoneSimulator.ActiveCfg = Release|Any CPU
		{127DDC7C-5406-4A82-B0AE-C8E2863CD93F}.Release|iPhoneSimulator.Build.0 = Release|Any CPU
		{127DDC7C-5406-4A82-B0AE-C8E2863CD93F}.Release|iPhoneSimulator.Deploy.0 = Release|Any CPU
		{55704179-3D00-4F19-B41E-BE262824B35C}.Ad-Hoc|Any CPU.ActiveCfg = Release|Any CPU
		{55704179-3D00-4F19-B41E-BE262824B35C}.Ad-Hoc|Any CPU.Build.0 = Release|Any CPU
		{55704179-3D00-4F19-B41E-BE262824B35C}.Ad-Hoc|iPhone.ActiveCfg = Release|Any CPU
		{55704179-3D00-4F19-B41E-BE262824B35C}.Ad-Hoc|iPhone.Build.0 = Release|Any CPU
		{55704179-3D00-4F19-B41E-BE262824B35C}.Ad-Hoc|iPhoneSimulator.ActiveCfg = Release|Any CPU
		{55704179-3D00-4F19-B41E-BE262824B35C}.Ad-Hoc|iPhoneSimulator.Build.0 = Release|Any CPU
		{55704179-3D00-4F19-B41E-BE262824B35C}.AppStore|Any CPU.ActiveCfg = Release|Any CPU
		{55704179-3D00-4F19-B41E-BE262824B35C}.AppStore|Any CPU.Build.0 = Release|Any CPU
		{55704179-3D00-4F19-B41E-BE262824B35C}.AppStore|iPhone.ActiveCfg = Release|Any CPU
		{55704179-3D00-4F19-B41E-BE262824B35C}.AppStore|iPhone.Build.0 = Release|Any CPU
		{55704179-3D00-4F19-B41E-BE262824B35C}.AppStore|iPhoneSimulator.ActiveCfg = Release|Any CPU
		{55704179-3D00-4F19-B41E-BE262824B35C}.AppStore|iPhoneSimulator.Build.0 = Release|Any CPU
		{55704179-3D00-4F19-B41E-BE262824B35C}.Debug|Any CPU.ActiveCfg = Debug|Any CPU
		{55704179-3D00-4F19-B41E-BE262824B35C}.Debug|Any CPU.Build.0 = Debug|Any CPU
		{55704179-3D00-4F19-B41E-BE262824B35C}.Debug|iPhone.ActiveCfg = Debug|Any CPU
		{55704179-3D00-4F19-B41E-BE262824B35C}.Debug|iPhone.Build.0 = Debug|Any CPU
		{55704179-3D00-4F19-B41E-BE262824B35C}.Debug|iPhoneSimulator.ActiveCfg = Debug|Any CPU
		{55704179-3D00-4F19-B41E-BE262824B35C}.Debug|iPhoneSimulator.Build.0 = Debug|Any CPU
		{55704179-3D00-4F19-B41E-BE262824B35C}.Release|Any CPU.ActiveCfg = Release|Any CPU
		{55704179-3D00-4F19-B41E-BE262824B35C}.Release|Any CPU.Build.0 = Release|Any CPU
		{55704179-3D00-4F19-B41E-BE262824B35C}.Release|iPhone.ActiveCfg = Release|Any CPU
		{55704179-3D00-4F19-B41E-BE262824B35C}.Release|iPhone.Build.0 = Release|Any CPU
		{55704179-3D00-4F19-B41E-BE262824B35C}.Release|iPhoneSimulator.ActiveCfg = Release|Any CPU
		{55704179-3D00-4F19-B41E-BE262824B35C}.Release|iPhoneSimulator.Build.0 = Release|Any CPU
		{000F2631-2E68-4712-97F6-0C06B05841EE}.Ad-Hoc|Any CPU.ActiveCfg = Ad-Hoc|iPhone
		{000F2631-2E68-4712-97F6-0C06B05841EE}.Ad-Hoc|iPhone.ActiveCfg = Ad-Hoc|iPhone
		{000F2631-2E68-4712-97F6-0C06B05841EE}.Ad-Hoc|iPhone.Build.0 = Ad-Hoc|iPhone
		{000F2631-2E68-4712-97F6-0C06B05841EE}.Ad-Hoc|iPhoneSimulator.ActiveCfg = Ad-Hoc|iPhoneSimulator
		{000F2631-2E68-4712-97F6-0C06B05841EE}.Ad-Hoc|iPhoneSimulator.Build.0 = Ad-Hoc|iPhoneSimulator
		{000F2631-2E68-4712-97F6-0C06B05841EE}.AppStore|Any CPU.ActiveCfg = AppStore|iPhone
		{000F2631-2E68-4712-97F6-0C06B05841EE}.AppStore|iPhone.ActiveCfg = AppStore|iPhone
		{000F2631-2E68-4712-97F6-0C06B05841EE}.AppStore|iPhone.Build.0 = AppStore|iPhone
		{000F2631-2E68-4712-97F6-0C06B05841EE}.AppStore|iPhoneSimulator.ActiveCfg = AppStore|iPhoneSimulator
		{000F2631-2E68-4712-97F6-0C06B05841EE}.AppStore|iPhoneSimulator.Build.0 = AppStore|iPhoneSimulator
		{000F2631-2E68-4712-97F6-0C06B05841EE}.Debug|Any CPU.ActiveCfg = Debug|iPhone
		{000F2631-2E68-4712-97F6-0C06B05841EE}.Debug|iPhone.ActiveCfg = Debug|iPhone
		{000F2631-2E68-4712-97F6-0C06B05841EE}.Debug|iPhone.Build.0 = Debug|iPhone
		{000F2631-2E68-4712-97F6-0C06B05841EE}.Debug|iPhoneSimulator.ActiveCfg = Debug|iPhoneSimulator
		{000F2631-2E68-4712-97F6-0C06B05841EE}.Debug|iPhoneSimulator.Build.0 = Debug|iPhoneSimulator
		{000F2631-2E68-4712-97F6-0C06B05841EE}.Release|Any CPU.ActiveCfg = Release|iPhone
		{000F2631-2E68-4712-97F6-0C06B05841EE}.Release|iPhone.ActiveCfg = Release|iPhone
		{000F2631-2E68-4712-97F6-0C06B05841EE}.Release|iPhone.Build.0 = Release|iPhone
		{000F2631-2E68-4712-97F6-0C06B05841EE}.Release|iPhoneSimulator.ActiveCfg = Release|iPhoneSimulator
		{000F2631-2E68-4712-97F6-0C06B05841EE}.Release|iPhoneSimulator.Build.0 = Release|iPhoneSimulator
	EndGlobalSection
	GlobalSection(SolutionProperties) = preSolution
		HideSolutionNode = FALSE
	EndGlobalSection
EndGlobal
